// !$*UTF8*$!
{
	archiveVersion = 1;
	classes = {
	};
	objectVersion = 46;
	objects = {

/* Begin PBXBuildFile section */
		D66B18051B1DDCF500F0A214 /* AppDelegate.swift in Sources */ = {isa = PBXBuildFile; fileRef = D66B18041B1DDCF500F0A214 /* AppDelegate.swift */; };
		D66B18071B1DDCF500F0A214 /* ViewController.swift in Sources */ = {isa = PBXBuildFile; fileRef = D66B18061B1DDCF500F0A214 /* ViewController.swift */; };
		D66B180A1B1DDCF500F0A214 /* Main.storyboard in Resources */ = {isa = PBXBuildFile; fileRef = D66B18081B1DDCF500F0A214 /* Main.storyboard */; };
		D66B180C1B1DDCF500F0A214 /* Images.xcassets in Resources */ = {isa = PBXBuildFile; fileRef = D66B180B1B1DDCF500F0A214 /* Images.xcassets */; };
		D66B180F1B1DDCF500F0A214 /* LaunchScreen.xib in Resources */ = {isa = PBXBuildFile; fileRef = D66B180D1B1DDCF500F0A214 /* LaunchScreen.xib */; };
		D66B181B1B1DDCF500F0A214 /* BrightnessSensorTests.swift in Sources */ = {isa = PBXBuildFile; fileRef = D66B181A1B1DDCF500F0A214 /* BrightnessSensorTests.swift */; };
/* End PBXBuildFile section */

/* Begin PBXContainerItemProxy section */
		D66B18151B1DDCF500F0A214 /* PBXContainerItemProxy */ = {
			isa = PBXContainerItemProxy;
			containerPortal = D66B17F71B1DDCF500F0A214 /* Project object */;
			proxyType = 1;
			remoteGlobalIDString = D66B17FE1B1DDCF500F0A214;
			remoteInfo = BrightnessSensor;
		};
/* End PBXContainerItemProxy section */

/* Begin PBXFileReference section */
		D66B17FF1B1DDCF500F0A214 /* BrightnessSensor.app */ = {isa = PBXFileReference; explicitFileType = wrapper.application; includeInIndex = 0; path = BrightnessSensor.app; sourceTree = BUILT_PRODUCTS_DIR; };
		D66B18031B1DDCF500F0A214 /* Info.plist */ = {isa = PBXFileReference; lastKnownFileType = text.plist.xml; path = Info.plist; sourceTree = "<group>"; };
		D66B18041B1DDCF500F0A214 /* AppDelegate.swift */ = {isa = PBXFileReference; lastKnownFileType = sourcecode.swift; path = AppDelegate.swift; sourceTree = "<group>"; };
		D66B18061B1DDCF500F0A214 /* ViewController.swift */ = {isa = PBXFileReference; lastKnownFileType = sourcecode.swift; path = ViewController.swift; sourceTree = "<group>"; };
		D66B18091B1DDCF500F0A214 /* Base */ = {isa = PBXFileReference; lastKnownFileType = file.storyboard; name = Base; path = Base.lproj/Main.storyboard; sourceTree = "<group>"; };
		D66B180B1B1DDCF500F0A214 /* Images.xcassets */ = {isa = PBXFileReference; lastKnownFileType = folder.assetcatalog; path = Images.xcassets; sourceTree = "<group>"; };
		D66B180E1B1DDCF500F0A214 /* Base */ = {isa = PBXFileReference; lastKnownFileType = file.xib; name = Base; path = Base.lproj/LaunchScreen.xib; sourceTree = "<group>"; };
		D66B18141B1DDCF500F0A214 /* BrightnessSensorTests.xctest */ = {isa = PBXFileReference; explicitFileType = wrapper.cfbundle; includeInIndex = 0; path = BrightnessSensorTests.xctest; sourceTree = BUILT_PRODUCTS_DIR; };
		D66B18191B1DDCF500F0A214 /* Info.plist */ = {isa = PBXFileReference; lastKnownFileType = text.plist.xml; path = Info.plist; sourceTree = "<group>"; };
		D66B181A1B1DDCF500F0A214 /* BrightnessSensorTests.swift */ = {isa = PBXFileReference; lastKnownFileType = sourcecode.swift; path = BrightnessSensorTests.swift; sourceTree = "<group>"; };
/* End PBXFileReference section */

/* Begin PBXFrameworksBuildPhase section */
		D66B17FC1B1DDCF500F0A214 /* Frameworks */ = {
			isa = PBXFrameworksBuildPhase;
			buildActionMask = 2147483647;
			files = (
			);
			runOnlyForDeploymentPostprocessing = 0;
		};
		D66B18111B1DDCF500F0A214 /* Frameworks */ = {
			isa = PBXFrameworksBuildPhase;
			buildActionMask = 2147483647;
			files = (
			);
			runOnlyForDeploymentPostprocessing = 0;
		};
/* End PBXFrameworksBuildPhase section */

/* Begin PBXGroup section */
		D66B17F61B1DDCF500F0A214 = {
			isa = PBXGroup;
			children = (
				D66B18011B1DDCF500F0A214 /* BrightnessSensor */,
				D66B18171B1DDCF500F0A214 /* BrightnessSensorTests */,
				D66B18001B1DDCF500F0A214 /* Products */,
			);
			sourceTree = "<group>";
		};
		D66B18001B1DDCF500F0A214 /* Products */ = {
			isa = PBXGroup;
			children = (
				D66B17FF1B1DDCF500F0A214 /* BrightnessSensor.app */,
				D66B18141B1DDCF500F0A214 /* BrightnessSensorTests.xctest */,
			);
			name = Products;
			sourceTree = "<group>";
		};
		D66B18011B1DDCF500F0A214 /* BrightnessSensor */ = {
			isa = PBXGroup;
			children = (
				D66B18041B1DDCF500F0A214 /* AppDelegate.swift */,
				D66B18061B1DDCF500F0A214 /* ViewController.swift */,
				D66B18081B1DDCF500F0A214 /* Main.storyboard */,
				D66B180B1B1DDCF500F0A214 /* Images.xcassets */,
				D66B180D1B1DDCF500F0A214 /* LaunchScreen.xib */,
				D66B18021B1DDCF500F0A214 /* Supporting Files */,
			);
			path = BrightnessSensor;
			sourceTree = "<group>";
		};
		D66B18021B1DDCF500F0A214 /* Supporting Files */ = {
			isa = PBXGroup;
			children = (
				D66B18031B1DDCF500F0A214 /* Info.plist */,
			);
			name = "Supporting Files";
			sourceTree = "<group>";
		};
		D66B18171B1DDCF500F0A214 /* BrightnessSensorTests */ = {
			isa = PBXGroup;
			children = (
				D66B181A1B1DDCF500F0A214 /* BrightnessSensorTests.swift */,
				D66B18181B1DDCF500F0A214 /* Supporting Files */,
			);
			path = BrightnessSensorTests;
			sourceTree = "<group>";
		};
		D66B18181B1DDCF500F0A214 /* Supporting Files */ = {
			isa = PBXGroup;
			children = (
				D66B18191B1DDCF500F0A214 /* Info.plist */,
			);
			name = "Supporting Files";
			sourceTree = "<group>";
		};
/* End PBXGroup section */

/* Begin PBXNativeTarget section */
		D66B17FE1B1DDCF500F0A214 /* BrightnessSensor */ = {
			isa = PBXNativeTarget;
			buildConfigurationList = D66B181E1B1DDCF500F0A214 /* Build configuration list for PBXNativeTarget "BrightnessSensor" */;
			buildPhases = (
				D66B17FB1B1DDCF500F0A214 /* Sources */,
				D66B17FC1B1DDCF500F0A214 /* Frameworks */,
				D66B17FD1B1DDCF500F0A214 /* Resources */,
			);
			buildRules = (
			);
			dependencies = (
			);
			name = BrightnessSensor;
			productName = BrightnessSensor;
			productReference = D66B17FF1B1DDCF500F0A214 /* BrightnessSensor.app */;
			productType = "com.apple.product-type.application";
		};
		D66B18131B1DDCF500F0A214 /* BrightnessSensorTests */ = {
			isa = PBXNativeTarget;
			buildConfigurationList = D66B18211B1DDCF500F0A214 /* Build configuration list for PBXNativeTarget "BrightnessSensorTests" */;
			buildPhases = (
				D66B18101B1DDCF500F0A214 /* Sources */,
				D66B18111B1DDCF500F0A214 /* Frameworks */,
				D66B18121B1DDCF500F0A214 /* Resources */,
			);
			buildRules = (
			);
			dependencies = (
				D66B18161B1DDCF500F0A214 /* PBXTargetDependency */,
			);
			name = BrightnessSensorTests;
			productName = BrightnessSensorTests;
			productReference = D66B18141B1DDCF500F0A214 /* BrightnessSensorTests.xctest */;
			productType = "com.apple.product-type.bundle.unit-test";
		};
/* End PBXNativeTarget section */

/* Begin PBXProject section */
		D66B17F71B1DDCF500F0A214 /* Project object */ = {
			isa = PBXProject;
			attributes = {
				LastUpgradeCheck = 0630;
				ORGANIZATIONNAME = "Muronaka Hiroaki";
				TargetAttributes = {
					D66B17FE1B1DDCF500F0A214 = {
						CreatedOnToolsVersion = 6.3.2;
					};
					D66B18131B1DDCF500F0A214 = {
						CreatedOnToolsVersion = 6.3.2;
						TestTargetID = D66B17FE1B1DDCF500F0A214;
					};
				};
			};
			buildConfigurationList = D66B17FA1B1DDCF500F0A214 /* Build configuration list for PBXProject "BrightnessSensor" */;
			compatibilityVersion = "Xcode 3.2";
			developmentRegion = English;
			hasScannedForEncodings = 0;
			knownRegions = (
				en,
				Base,
			);
			mainGroup = D66B17F61B1DDCF500F0A214;
			productRefGroup = D66B18001B1DDCF500F0A214 /* Products */;
			projectDirPath = "";
			projectRoot = "";
			targets = (
				D66B17FE1B1DDCF500F0A214 /* BrightnessSensor */,
				D66B18131B1DDCF500F0A214 /* BrightnessSensorTests */,
			);
		};
/* End PBXProject section */

/* Begin PBXResourcesBuildPhase section */
		D66B17FD1B1DDCF500F0A214 /* Resources */ = {
			isa = PBXResourcesBuildPhase;
			buildActionMask = 2147483647;
			files = (
				D66B180A1B1DDCF500F0A214 /* Main.storyboard in Resources */,
				D66B180F1B1DDCF500F0A214 /* LaunchScreen.xib in Resources */,
				D66B180C1B1DDCF500F0A214 /* Images.xcassets in Resources */,
			);
			runOnlyForDeploymentPostprocessing = 0;
		};
		D66B18121B1DDCF500F0A214 /* Resources */ = {
			isa = PBXResourcesBuildPhase;
			buildActionMask = 2147483647;
			files = (
			);
			runOnlyForDeploymentPostprocessing = 0;
		};
/* End PBXResourcesBuildPhase section */

/* Begin PBXSourcesBuildPhase section */
		D66B17FB1B1DDCF500F0A214 /* Sources */ = {
			isa = PBXSourcesBuildPhase;
			buildActionMask = 2147483647;
			files = (
				D66B18071B1DDCF500F0A214 /* ViewController.swift in Sources */,
				D66B18051B1DDCF500F0A214 /* AppDelegate.swift in Sources */,
			);
			runOnlyForDeploymentPostprocessing = 0;
		};
		D66B18101B1DDCF500F0A214 /* Sources */ = {
			isa = PBXSourcesBuildPhase;
			buildActionMask = 2147483647;
			files = (
				D66B181B1B1DDCF500F0A214 /* BrightnessSensorTests.swift in Sources */,
			);
			runOnlyForDeploymentPostprocessing = 0;
		};
/* End PBXSourcesBuildPhase section */

/* Begin PBXTargetDependency section */
		D66B18161B1DDCF500F0A214 /* PBXTargetDependency */ = {
			isa = PBXTargetDependency;
			target = D66B17FE1B1DDCF500F0A214 /* BrightnessSensor */;
			targetProxy = D66B18151B1DDCF500F0A214 /* PBXContainerItemProxy */;
		};
/* End PBXTargetDependency section */

/* Begin PBXVariantGroup section */
		D66B18081B1DDCF500F0A214 /* Main.storyboard */ = {
			isa = PBXVariantGroup;
			children = (
				D66B18091B1DDCF500F0A214 /* Base */,
			);
			name = Main.storyboard;
			sourceTree = "<group>";
		};
		D66B180D1B1DDCF500F0A214 /* LaunchScreen.xib */ = {
			isa = PBXVariantGroup;
			children = (
				D66B180E1B1DDCF500F0A214 /* Base */,
			);
			name = LaunchScreen.xib;
			sourceTree = "<group>";
		};
/* End PBXVariantGroup section */

/* Begin XCBuildConfiguration section */
		D66B181C1B1DDCF500F0A214 /* Debug */ = {
			isa = XCBuildConfiguration;
			buildSettings = {
				ALWAYS_SEARCH_USER_PATHS = NO;
				CLANG_CXX_LANGUAGE_STANDARD = "gnu++0x";
				CLANG_CXX_LIBRARY = "libc++";
				CLANG_ENABLE_MODULES = YES;
				CLANG_ENABLE_OBJC_ARC = YES;
				CLANG_WARN_BOOL_CONVERSION = YES;
				CLANG_WARN_CONSTANT_CONVERSION = YES;
				CLANG_WARN_DIRECT_OBJC_ISA_USAGE = YES_ERROR;
				CLANG_WARN_EMPTY_BODY = YES;
				CLANG_WARN_ENUM_CONVERSION = YES;
				CLANG_WARN_INT_CONVERSION = YES;
				CLANG_WARN_OBJC_ROOT_CLASS = YES_ERROR;
				CLANG_WARN_UNREACHABLE_CODE = YES;
				CLANG_WARN__DUPLICATE_METHOD_MATCH = YES;
				"CODE_SIGN_IDENTITY[sdk=iphoneos*]" = "iPhone Developer";
				COPY_PHASE_STRIP = NO;
				DEBUG_INFORMATION_FORMAT = "dwarf-with-dsym";
				ENABLE_STRICT_OBJC_MSGSEND = YES;
				GCC_C_LANGUAGE_STANDARD = gnu99;
				GCC_DYNAMIC_NO_PIC = NO;
				GCC_NO_COMMON_BLOCKS = YES;
				GCC_OPTIMIZATION_LEVEL = 0;
				GCC_PREPROCESSOR_DEFINITIONS = (
					"DEBUG=1",
					"$(inherited)",
				);
				GCC_SYMBOLS_PRIVATE_EXTERN = NO;
				GCC_WARN_64_TO_32_BIT_CONVERSION = YES;
				GCC_WARN_ABOUT_RETURN_TYPE = YES_ERROR;
				GCC_WARN_UNDECLARED_SELECTOR = YES;
				GCC_WARN_UNINITIALIZED_AUTOS = YES_AGGRESSIVE;
				GCC_WARN_UNUSED_FUNCTION = YES;
				GCC_WARN_UNUSED_VARIABLE = YES;
				IPHONEOS_DEPLOYMENT_TARGET = 8.3;
				MTL_ENABLE_DEBUG_INFO = YES;
				ONLY_ACTIVE_ARCH = YES;
				SDKROOT = iphoneos;
				SWIFT_OPTIMIZATION_LEVEL = "-Onone";
				TARGETED_DEVICE_FAMILY = "1,2";
			};
			name = Debug;
		};
		D66B181D1B1DDCF500F0A214 /* Release */ = {
			isa = XCBuildConfiguration;
			buildSettings = {
				ALWAYS_SEARCH_USER_PATHS = NO;
				CLANG_CXX_LANGUAGE_STANDARD = "gnu++0x";
				CLANG_CXX_LIBRARY = "libc++";
				CLANG_ENABLE_MODULES = YES;
				CLANG_ENABLE_OBJC_ARC = YES;
				CLANG_WARN_BOOL_CONVERSION = YES;
				CLANG_WARN_CONSTANT_CONVERSION = YES;
				CLANG_WARN_DIRECT_OBJC_ISA_USAGE = YES_ERROR;
				CLANG_WARN_EMPTY_BODY = YES;
				CLANG_WARN_ENUM_CONVERSION = YES;
				CLANG_WARN_INT_CONVERSION = YES;
				CLANG_WARN_OBJC_ROOT_CLASS = YES_ERROR;
				CLANG_WARN_UNREACHABLE_CODE = YES;
				CLANG_WARN__DUPLICATE_METHOD_MATCH = YES;
				"CODE_SIGN_IDENTITY[sdk=iphoneos*]" = "iPhone Developer";
				COPY_PHASE_STRIP = NO;
				DEBUG_INFORMATION_FORMAT = "dwarf-with-dsym";
				ENABLE_NS_ASSERTIONS = NO;
				ENABLE_STRICT_OBJC_MSGSEND = YES;
				GCC_C_LANGUAGE_STANDARD = gnu99;
				GCC_NO_COMMON_BLOCKS = YES;
				GCC_WARN_64_TO_32_BIT_CONVERSION = YES;
				GCC_WARN_ABOUT_RETURN_TYPE = YES_ERROR;
				GCC_WARN_UNDECLARED_SELECTOR = YES;
				GCC_WARN_UNINITIALIZED_AUTOS = YES_AGGRESSIVE;
				GCC_WARN_UNUSED_FUNCTION = YES;
				GCC_WARN_UNUSED_VARIABLE = YES;
				IPHONEOS_DEPLOYMENT_TARGET = 8.3;
				MTL_ENABLE_DEBUG_INFO = NO;
				SDKROOT = iphoneos;
				TARGETED_DEVICE_FAMILY = "1,2";
				VALIDATE_PRODUCT = YES;
			};
			name = Release;
		};
		D66B181F1B1DDCF500F0A214 /* Debug */ = {
			isa = XCBuildConfiguration;
			buildSettings = {
				ASSETCATALOG_COMPILER_APPICON_NAME = AppIcon;
				INFOPLIST_FILE = BrightnessSensor/Info.plist;
				LD_RUNPATH_SEARCH_PATHS = "$(inherited) @executable_path/Frameworks";
				PRODUCT_NAME = "$(TARGET_NAME)";
			};
			name = Debug;
		};
		D66B18201B1DDCF500F0A214 /* Release */ = {
			isa = XCBuildConfiguration;
			buildSettings = {
				ASSETCATALOG_COMPILER_APPICON_NAME = AppIcon;
				INFOPLIST_FILE = BrightnessSensor/Info.plist;
				LD_RUNPATH_SEARCH_PATHS = "$(inherited) @executable_path/Frameworks";
				PRODUCT_NAME = "$(TARGET_NAME)";
			};
			name = Release;
		};
		D66B18221B1DDCF500F0A214 /* Debug */ = {
			isa = XCBuildConfiguration;
			buildSettings = {
				BUNDLE_LOADER = "$(TEST_HOST)";
				FRAMEWORK_SEARCH_PATHS = (
					"$(SDKROOT)/Developer/Library/Frameworks",
					"$(inherited)",
				);
				GCC_PREPROCESSOR_DEFINITIONS = (
					"DEBUG=1",
					"$(inherited)",
				);
				INFOPLIST_FILE = BrightnessSensorTests/Info.plist;
				LD_RUNPATH_SEARCH_PATHS = "$(inherited) @executable_path/Frameworks @loader_path/Frameworks";
				PRODUCT_NAME = "$(TARGET_NAME)";
				TEST_HOST = "$(BUILT_PRODUCTS_DIR)/BrightnessSensor.app/BrightnessSensor";
			};
			name = Debug;
		};
		D66B18231B1DDCF500F0A214 /* Release */ = {
			isa = XCBuildConfiguration;
			buildSettings = {
				BUNDLE_LOADER = "$(TEST_HOST)";
				FRAMEWORK_SEARCH_PATHS = (
					"$(SDKROOT)/Developer/Library/Frameworks",
					"$(inherited)",
				);
				INFOPLIST_FILE = BrightnessSensorTests/Info.plist;
				LD_RUNPATH_SEARCH_PATHS = "$(inherited) @executable_path/Frameworks @loader_path/Frameworks";
				PRODUCT_NAME = "$(TARGET_NAME)";
				TEST_HOST = "$(BUILT_PRODUCTS_DIR)/BrightnessSensor.app/BrightnessSensor";
			};
			name = Release;
		};
/* End XCBuildConfiguration section */

/* Begin XCConfigurationList section */
		D66B17FA1B1DDCF500F0A214 /* Build configuration list for PBXProject "BrightnessSensor" */ = {
			isa = XCConfigurationList;
			buildConfigurations = (
				D66B181C1B1DDCF500F0A214 /* Debug */,
				D66B181D1B1DDCF500F0A214 /* Release */,
			);
			defaultConfigurationIsVisible = 0;
			defaultConfigurationName = Release;
		};
		D66B181E1B1DDCF500F0A214 /* Build configuration list for PBXNativeTarget "BrightnessSensor" */ = {
			isa = XCConfigurationList;
			buildConfigurations = (
				D66B181F1B1DDCF500F0A214 /* Debug */,
				D66B18201B1DDCF500F0A214 /* Release */,
			);
			defaultConfigurationIsVisible = 0;
		};
		D66B18211B1DDCF500F0A214 /* Build configuration list for PBXNativeTarget "BrightnessSensorTests" */ = {
			isa = XCConfigurationList;
			buildConfigurations = (
				D66B18221B1DDCF500F0A214 /* Debug */,
				D66B18231B1DDCF500F0A214 /* Release */,
			);
			defaultConfigurationIsVisible = 0;
		};
/* End XCConfigurationList section */
	};
	rootObject = D66B17F71B1DDCF500F0A214 /* Project object */;
}
